# THIS IS AN AUTOGENERATED FILE. DO NOT EDIT THIS FILE DIRECTLY.
# yarn lockfile v1


camelcase@^5.0.0:
  version "5.3.1"
  resolved "https://registry.yarnpkg.com/camelcase/-/camelcase-5.3.1.tgz#e3c9b31569e106811df242f715725a1f4c494320"
  integrity sha512-L28STB170nwWS63UjtlEOE3dldQApaJXZkOI1uMFfzf3rRuPegHaHesyee+YxQ+W6SvRDQV6UrdOdRiR153wJg==

react-icons@^3.8.0:
  version "3.8.0"
  resolved "https://registry.yarnpkg.com/react-icons/-/react-icons-3.8.0.tgz#229de5904809696c9f46932bd9b6126b2522866e"
  integrity sha512-rA/8GRKjPulft8BSBSMsHkE1AGPqJ7LjNsyk0BE7XjG70Iz62zOled2SJk7LDo8x9z86a3xOstDlKlMZ4pAy7A==
  dependencies:
    camelcase "^5.0.0"
